// !$*UTF8*$!
{
	archiveVersion = 1;
	classes = {
	};
	objectVersion = 56;
	objects = {

/* Begin PBXBuildFile section */
		A87844DD29D36638009C58FE /* AppDelegate.swift in Sources */ = {isa = PBXBuildFile; fileRef = A87844DC29D36638009C58FE /* AppDelegate.swift */; };
		A87844DF29D36638009C58FE /* SceneDelegate.swift in Sources */ = {isa = PBXBuildFile; fileRef = A87844DE29D36638009C58FE /* SceneDelegate.swift */; };
		A87844E129D36638009C58FE /* TrafficLightVC.swift in Sources */ = {isa = PBXBuildFile; fileRef = A87844E029D36638009C58FE /* TrafficLightVC.swift */; };
		A87844E429D36638009C58FE /* Main.storyboard in Resources */ = {isa = PBXBuildFile; fileRef = A87844E229D36638009C58FE /* Main.storyboard */; };
		A87844E629D3663A009C58FE /* Assets.xcassets in Resources */ = {isa = PBXBuildFile; fileRef = A87844E529D3663A009C58FE /* Assets.xcassets */; };
		A87844E929D3663A009C58FE /* LaunchScreen.storyboard in Resources */ = {isa = PBXBuildFile; fileRef = A87844E729D3663A009C58FE /* LaunchScreen.storyboard */; };
		A87844F429D3663B009C58FE /* Lesson_23_24___Constraits__traffic_light_Tests.swift in Sources */ = {isa = PBXBuildFile; fileRef = A87844F329D3663B009C58FE /* Lesson_23_24___Constraits__traffic_light_Tests.swift */; };
		A87844FE29D3663B009C58FE /* Lesson_23_24___Constraits__traffic_light_UITests.swift in Sources */ = {isa = PBXBuildFile; fileRef = A87844FD29D3663B009C58FE /* Lesson_23_24___Constraits__traffic_light_UITests.swift */; };
		A878450029D3663B009C58FE /* Lesson_23_24___Constraits__traffic_light_UITestsLaunchTests.swift in Sources */ = {isa = PBXBuildFile; fileRef = A87844FF29D3663B009C58FE /* Lesson_23_24___Constraits__traffic_light_UITestsLaunchTests.swift */; };
/* End PBXBuildFile section */

/* Begin PBXContainerItemProxy section */
		A87844F029D3663B009C58FE /* PBXContainerItemProxy */ = {
			isa = PBXContainerItemProxy;
			containerPortal = A87844D129D36637009C58FE /* Project object */;
			proxyType = 1;
			remoteGlobalIDString = A87844D829D36637009C58FE;
			remoteInfo = "Lesson 23-24 - Constraits (traffic light)";
		};
		A87844FA29D3663B009C58FE /* PBXContainerItemProxy */ = {
			isa = PBXContainerItemProxy;
			containerPortal = A87844D129D36637009C58FE /* Project object */;
			proxyType = 1;
			remoteGlobalIDString = A87844D829D36637009C58FE;
			remoteInfo = "Lesson 23-24 - Constraits (traffic light)";
		};
/* End PBXContainerItemProxy section */

/* Begin PBXFileReference section */
		A87844D929D36637009C58FE /* Lesson 23-24 - Constraits (traffic light).app */ = {isa = PBXFileReference; explicitFileType = wrapper.application; includeInIndex = 0; path = "Lesson 23-24 - Constraits (traffic light).app"; sourceTree = BUILT_PRODUCTS_DIR; };
		A87844DC29D36638009C58FE /* AppDelegate.swift */ = {isa = PBXFileReference; lastKnownFileType = sourcecode.swift; path = AppDelegate.swift; sourceTree = "<group>"; };
		A87844DE29D36638009C58FE /* SceneDelegate.swift */ = {isa = PBXFileReference; lastKnownFileType = sourcecode.swift; path = SceneDelegate.swift; sourceTree = "<group>"; };
		A87844E029D36638009C58FE /* TrafficLightVC.swift */ = {isa = PBXFileReference; lastKnownFileType = sourcecode.swift; path = TrafficLightVC.swift; sourceTree = "<group>"; };
		A87844E329D36638009C58FE /* Base */ = {isa = PBXFileReference; lastKnownFileType = file.storyboard; name = Base; path = Base.lproj/Main.storyboard; sourceTree = "<group>"; };
		A87844E529D3663A009C58FE /* Assets.xcassets */ = {isa = PBXFileReference; lastKnownFileType = folder.assetcatalog; path = Assets.xcassets; sourceTree = "<group>"; };
		A87844E829D3663A009C58FE /* Base */ = {isa = PBXFileReference; lastKnownFileType = file.storyboard; name = Base; path = Base.lproj/LaunchScreen.storyboard; sourceTree = "<group>"; };
		A87844EA29D3663A009C58FE /* Info.plist */ = {isa = PBXFileReference; lastKnownFileType = text.plist.xml; path = Info.plist; sourceTree = "<group>"; };
		A87844EF29D3663B009C58FE /* Lesson 23-24 - Constraits (traffic light)Tests.xctest */ = {isa = PBXFileReference; explicitFileType = wrapper.cfbundle; includeInIndex = 0; path = "Lesson 23-24 - Constraits (traffic light)Tests.xctest"; sourceTree = BUILT_PRODUCTS_DIR; };
		A87844F329D3663B009C58FE /* Lesson_23_24___Constraits__traffic_light_Tests.swift */ = {isa = PBXFileReference; lastKnownFileType = sourcecode.swift; path = "Lesson_23_24___Constraits__traffic_light_Tests.swift"; sourceTree = "<group>"; };
		A87844F929D3663B009C58FE /* Lesson 23-24 - Constraits (traffic light)UITests.xctest */ = {isa = PBXFileReference; explicitFileType = wrapper.cfbundle; includeInIndex = 0; path = "Lesson 23-24 - Constraits (traffic light)UITests.xctest"; sourceTree = BUILT_PRODUCTS_DIR; };
		A87844FD29D3663B009C58FE /* Lesson_23_24___Constraits__traffic_light_UITests.swift */ = {isa = PBXFileReference; lastKnownFileType = sourcecode.swift; path = "Lesson_23_24___Constraits__traffic_light_UITests.swift"; sourceTree = "<group>"; };
		A87844FF29D3663B009C58FE /* Lesson_23_24___Constraits__traffic_light_UITestsLaunchTests.swift */ = {isa = PBXFileReference; lastKnownFileType = sourcecode.swift; path = "Lesson_23_24___Constraits__traffic_light_UITestsLaunchTests.swift"; sourceTree = "<group>"; };
/* End PBXFileReference section */

/* Begin PBXFrameworksBuildPhase section */
		A87844D629D36637009C58FE /* Frameworks */ = {
			isa = PBXFrameworksBuildPhase;
			buildActionMask = 2147483647;
			files = (
			);
			runOnlyForDeploymentPostprocessing = 0;
		};
		A87844EC29D3663B009C58FE /* Frameworks */ = {
			isa = PBXFrameworksBuildPhase;
			buildActionMask = 2147483647;
			files = (
			);
			runOnlyForDeploymentPostprocessing = 0;
		};
		A87844F629D3663B009C58FE /* Frameworks */ = {
			isa = PBXFrameworksBuildPhase;
			buildActionMask = 2147483647;
			files = (
			);
			runOnlyForDeploymentPostprocessing = 0;
		};
/* End PBXFrameworksBuildPhase section */

/* Begin PBXGroup section */
		A87844D029D36637009C58FE = {
			isa = PBXGroup;
			children = (
				A87844DB29D36637009C58FE /* Lesson 23-24 - Constraits (traffic light) */,
				A87844F229D3663B009C58FE /* Lesson 23-24 - Constraits (traffic light)Tests */,
				A87844FC29D3663B009C58FE /* Lesson 23-24 - Constraits (traffic light)UITests */,
				A87844DA29D36637009C58FE /* Products */,
			);
			sourceTree = "<group>";
		};
		A87844DA29D36637009C58FE /* Products */ = {
			isa = PBXGroup;
			children = (
				A87844D929D36637009C58FE /* Lesson 23-24 - Constraits (traffic light).app */,
				A87844EF29D3663B009C58FE /* Lesson 23-24 - Constraits (traffic light)Tests.xctest */,
				A87844F929D3663B009C58FE /* Lesson 23-24 - Constraits (traffic light)UITests.xctest */,
			);
			name = Products;
			sourceTree = "<group>";
		};
		A87844DB29D36637009C58FE /* Lesson 23-24 - Constraits (traffic light) */ = {
			isa = PBXGroup;
			children = (
				A87844DC29D36638009C58FE /* AppDelegate.swift */,
				A87844DE29D36638009C58FE /* SceneDelegate.swift */,
				A87844E029D36638009C58FE /* TrafficLightVC.swift */,
				A87844E229D36638009C58FE /* Main.storyboard */,
				A87844E529D3663A009C58FE /* Assets.xcassets */,
				A87844E729D3663A009C58FE /* LaunchScreen.storyboard */,
				A87844EA29D3663A009C58FE /* Info.plist */,
			);
			path = "Lesson 23-24 - Constraits (traffic light)";
			sourceTree = "<group>";
		};
		A87844F229D3663B009C58FE /* Lesson 23-24 - Constraits (traffic light)Tests */ = {
			isa = PBXGroup;
			children = (
				A87844F329D3663B009C58FE /* Lesson_23_24___Constraits__traffic_light_Tests.swift */,
			);
			path = "Lesson 23-24 - Constraits (traffic light)Tests";
			sourceTree = "<group>";
		};
		A87844FC29D3663B009C58FE /* Lesson 23-24 - Constraits (traffic light)UITests */ = {
			isa = PBXGroup;
			children = (
				A87844FD29D3663B009C58FE /* Lesson_23_24___Constraits__traffic_light_UITests.swift */,
				A87844FF29D3663B009C58FE /* Lesson_23_24___Constraits__traffic_light_UITestsLaunchTests.swift */,
			);
			path = "Lesson 23-24 - Constraits (traffic light)UITests";
			sourceTree = "<group>";
		};
/* End PBXGroup section */

/* Begin PBXNativeTarget section */
		A87844D829D36637009C58FE /* Lesson 23-24 - Constraits (traffic light) */ = {
			isa = PBXNativeTarget;
			buildConfigurationList = A878450329D3663B009C58FE /* Build configuration list for PBXNativeTarget "Lesson 23-24 - Constraits (traffic light)" */;
			buildPhases = (
				A87844D529D36637009C58FE /* Sources */,
				A87844D629D36637009C58FE /* Frameworks */,
				A87844D729D36637009C58FE /* Resources */,
			);
			buildRules = (
			);
			dependencies = (
			);
			name = "Lesson 23-24 - Constraits (traffic light)";
			productName = "Lesson 23-24 - Constraits (traffic light)";
			productReference = A87844D929D36637009C58FE /* Lesson 23-24 - Constraits (traffic light).app */;
			productType = "com.apple.product-type.application";
		};
		A87844EE29D3663B009C58FE /* Lesson 23-24 - Constraits (traffic light)Tests */ = {
			isa = PBXNativeTarget;
			buildConfigurationList = A878450629D3663B009C58FE /* Build configuration list for PBXNativeTarget "Lesson 23-24 - Constraits (traffic light)Tests" */;
			buildPhases = (
				A87844EB29D3663B009C58FE /* Sources */,
				A87844EC29D3663B009C58FE /* Frameworks */,
				A87844ED29D3663B009C58FE /* Resources */,
			);
			buildRules = (
			);
			dependencies = (
				A87844F129D3663B009C58FE /* PBXTargetDependency */,
			);
			name = "Lesson 23-24 - Constraits (traffic light)Tests";
			productName = "Lesson 23-24 - Constraits (traffic light)Tests";
			productReference = A87844EF29D3663B009C58FE /* Lesson 23-24 - Constraits (traffic light)Tests.xctest */;
			productType = "com.apple.product-type.bundle.unit-test";
		};
		A87844F829D3663B009C58FE /* Lesson 23-24 - Constraits (traffic light)UITests */ = {
			isa = PBXNativeTarget;
			buildConfigurationList = A878450929D3663B009C58FE /* Build configuration list for PBXNativeTarget "Lesson 23-24 - Constraits (traffic light)UITests" */;
			buildPhases = (
				A87844F529D3663B009C58FE /* Sources */,
				A87844F629D3663B009C58FE /* Frameworks */,
				A87844F729D3663B009C58FE /* Resources */,
			);
			buildRules = (
			);
			dependencies = (
				A87844FB29D3663B009C58FE /* PBXTargetDependency */,
			);
			name = "Lesson 23-24 - Constraits (traffic light)UITests";
			productName = "Lesson 23-24 - Constraits (traffic light)UITests";
			productReference = A87844F929D3663B009C58FE /* Lesson 23-24 - Constraits (traffic light)UITests.xctest */;
			productType = "com.apple.product-type.bundle.ui-testing";
		};
/* End PBXNativeTarget section */

/* Begin PBXProject section */
		A87844D129D36637009C58FE /* Project object */ = {
			isa = PBXProject;
			attributes = {
				BuildIndependentTargetsInParallel = 1;
				LastSwiftUpdateCheck = 1410;
				LastUpgradeCheck = 1410;
				TargetAttributes = {
					A87844D829D36637009C58FE = {
						CreatedOnToolsVersion = 14.1;
					};
					A87844EE29D3663B009C58FE = {
						CreatedOnToolsVersion = 14.1;
						TestTargetID = A87844D829D36637009C58FE;
					};
					A87844F829D3663B009C58FE = {
						CreatedOnToolsVersion = 14.1;
						TestTargetID = A87844D829D36637009C58FE;
					};
				};
			};
			buildConfigurationList = A87844D429D36637009C58FE /* Build configuration list for PBXProject "Lesson 23-24 - Constraits (traffic light)" */;
			compatibilityVersion = "Xcode 14.0";
			developmentRegion = en;
			hasScannedForEncodings = 0;
			knownRegions = (
				en,
				Base,
			);
			mainGroup = A87844D029D36637009C58FE;
			productRefGroup = A87844DA29D36637009C58FE /* Products */;
			projectDirPath = "";
			projectRoot = "";
			targets = (
				A87844D829D36637009C58FE /* Lesson 23-24 - Constraits (traffic light) */,
				A87844EE29D3663B009C58FE /* Lesson 23-24 - Constraits (traffic light)Tests */,
				A87844F829D3663B009C58FE /* Lesson 23-24 - Constraits (traffic light)UITests */,
			);
		};
/* End PBXProject section */

/* Begin PBXResourcesBuildPhase section */
		A87844D729D36637009C58FE /* Resources */ = {
			isa = PBXResourcesBuildPhase;
			buildActionMask = 2147483647;
			files = (
				A87844E929D3663A009C58FE /* LaunchScreen.storyboard in Resources */,
				A87844E629D3663A009C58FE /* Assets.xcassets in Resources */,
				A87844E429D36638009C58FE /* Main.storyboard in Resources */,
			);
			runOnlyForDeploymentPostprocessing = 0;
		};
		A87844ED29D3663B009C58FE /* Resources */ = {
			isa = PBXResourcesBuildPhase;
			buildActionMask = 2147483647;
			files = (
			);
			runOnlyForDeploymentPostprocessing = 0;
		};
		A87844F729D3663B009C58FE /* Resources */ = {
			isa = PBXResourcesBuildPhase;
			buildActionMask = 2147483647;
			files = (
			);
			runOnlyForDeploymentPostprocessing = 0;
		};
/* End PBXResourcesBuildPhase section */

/* Begin PBXSourcesBuildPhase section */
		A87844D529D36637009C58FE /* Sources */ = {
			isa = PBXSourcesBuildPhase;
			buildActionMask = 2147483647;
			files = (
				A87844E129D36638009C58FE /* TrafficLightVC.swift in Sources */,
				A87844DD29D36638009C58FE /* AppDelegate.swift in Sources */,
				A87844DF29D36638009C58FE /* SceneDelegate.swift in Sources */,
			);
			runOnlyForDeploymentPostprocessing = 0;
		};
		A87844EB29D3663B009C58FE /* Sources */ = {
			isa = PBXSourcesBuildPhase;
			buildActionMask = 2147483647;
			files = (
				A87844F429D3663B009C58FE /* Lesson_23_24___Constraits__traffic_light_Tests.swift in Sources */,
			);
			runOnlyForDeploymentPostprocessing = 0;
		};
		A87844F529D3663B009C58FE /* Sources */ = {
			isa = PBXSourcesBuildPhase;
			buildActionMask = 2147483647;
			files = (
				A878450029D3663B009C58FE /* Lesson_23_24___Constraits__traffic_light_UITestsLaunchTests.swift in Sources */,
				A87844FE29D3663B009C58FE /* Lesson_23_24___Constraits__traffic_light_UITests.swift in Sources */,
			);
			runOnlyForDeploymentPostprocessing = 0;
		};
/* End PBXSourcesBuildPhase section */

/* Begin PBXTargetDependency section */
		A87844F129D3663B009C58FE /* PBXTargetDependency */ = {
			isa = PBXTargetDependency;
			target = A87844D829D36637009C58FE /* Lesson 23-24 - Constraits (traffic light) */;
			targetProxy = A87844F029D3663B009C58FE /* PBXContainerItemProxy */;
		};
		A87844FB29D3663B009C58FE /* PBXTargetDependency */ = {
			isa = PBXTargetDependency;
			target = A87844D829D36637009C58FE /* Lesson 23-24 - Constraits (traffic light) */;
			targetProxy = A87844FA29D3663B009C58FE /* PBXContainerItemProxy */;
		};
/* End PBXTargetDependency section */

/* Begin PBXVariantGroup section */
		A87844E229D36638009C58FE /* Main.storyboard */ = {
			isa = PBXVariantGroup;
			children = (
				A87844E329D36638009C58FE /* Base */,
			);
			name = Main.storyboard;
			sourceTree = "<group>";
		};
		A87844E729D3663A009C58FE /* LaunchScreen.storyboard */ = {
			isa = PBXVariantGroup;
			children = (
				A87844E829D3663A009C58FE /* Base */,
			);
			name = LaunchScreen.storyboard;
			sourceTree = "<group>";
		};
/* End PBXVariantGroup section */

/* Begin XCBuildConfiguration section */
		A878450129D3663B009C58FE /* Debug */ = {
			isa = XCBuildConfiguration;
			buildSettings = {
				ALWAYS_SEARCH_USER_PATHS = NO;
				CLANG_ANALYZER_NONNULL = YES;
				CLANG_ANALYZER_NUMBER_OBJECT_CONVERSION = YES_AGGRESSIVE;
				CLANG_CXX_LANGUAGE_STANDARD = "gnu++20";
				CLANG_ENABLE_MODULES = YES;
				CLANG_ENABLE_OBJC_ARC = YES;
				CLANG_ENABLE_OBJC_WEAK = YES;
				CLANG_WARN_BLOCK_CAPTURE_AUTORELEASING = YES;
				CLANG_WARN_BOOL_CONVERSION = YES;
				CLANG_WARN_COMMA = YES;
				CLANG_WARN_CONSTANT_CONVERSION = YES;
				CLANG_WARN_DEPRECATED_OBJC_IMPLEMENTATIONS = YES;
				CLANG_WARN_DIRECT_OBJC_ISA_USAGE = YES_ERROR;
				CLANG_WARN_DOCUMENTATION_COMMENTS = YES;
				CLANG_WARN_EMPTY_BODY = YES;
				CLANG_WARN_ENUM_CONVERSION = YES;
				CLANG_WARN_INFINITE_RECURSION = YES;
				CLANG_WARN_INT_CONVERSION = YES;
				CLANG_WARN_NON_LITERAL_NULL_CONVERSION = YES;
				CLANG_WARN_OBJC_IMPLICIT_RETAIN_SELF = YES;
				CLANG_WARN_OBJC_LITERAL_CONVERSION = YES;
				CLANG_WARN_OBJC_ROOT_CLASS = YES_ERROR;
				CLANG_WARN_QUOTED_INCLUDE_IN_FRAMEWORK_HEADER = YES;
				CLANG_WARN_RANGE_LOOP_ANALYSIS = YES;
				CLANG_WARN_STRICT_PROTOTYPES = YES;
				CLANG_WARN_SUSPICIOUS_MOVE = YES;
				CLANG_WARN_UNGUARDED_AVAILABILITY = YES_AGGRESSIVE;
				CLANG_WARN_UNREACHABLE_CODE = YES;
				CLANG_WARN__DUPLICATE_METHOD_MATCH = YES;
				COPY_PHASE_STRIP = NO;
				DEBUG_INFORMATION_FORMAT = dwarf;
				ENABLE_STRICT_OBJC_MSGSEND = YES;
				ENABLE_TESTABILITY = YES;
				GCC_C_LANGUAGE_STANDARD = gnu11;
				GCC_DYNAMIC_NO_PIC = NO;
				GCC_NO_COMMON_BLOCKS = YES;
				GCC_OPTIMIZATION_LEVEL = 0;
				GCC_PREPROCESSOR_DEFINITIONS = (
					"DEBUG=1",
					"$(inherited)",
				);
				GCC_WARN_64_TO_32_BIT_CONVERSION = YES;
				GCC_WARN_ABOUT_RETURN_TYPE = YES_ERROR;
				GCC_WARN_UNDECLARED_SELECTOR = YES;
				GCC_WARN_UNINITIALIZED_AUTOS = YES_AGGRESSIVE;
				GCC_WARN_UNUSED_FUNCTION = YES;
				GCC_WARN_UNUSED_VARIABLE = YES;
				IPHONEOS_DEPLOYMENT_TARGET = 16.1;
				MTL_ENABLE_DEBUG_INFO = INCLUDE_SOURCE;
				MTL_FAST_MATH = YES;
				ONLY_ACTIVE_ARCH = YES;
				SDKROOT = iphoneos;
				SWIFT_ACTIVE_COMPILATION_CONDITIONS = DEBUG;
				SWIFT_OPTIMIZATION_LEVEL = "-Onone";
			};
			name = Debug;
		};
		A878450229D3663B009C58FE /* Release */ = {
			isa = XCBuildConfiguration;
			buildSettings = {
				ALWAYS_SEARCH_USER_PATHS = NO;
				CLANG_ANALYZER_NONNULL = YES;
				CLANG_ANALYZER_NUMBER_OBJECT_CONVERSION = YES_AGGRESSIVE;
				CLANG_CXX_LANGUAGE_STANDARD = "gnu++20";
				CLANG_ENABLE_MODULES = YES;
				CLANG_ENABLE_OBJC_ARC = YES;
				CLANG_ENABLE_OBJC_WEAK = YES;
				CLANG_WARN_BLOCK_CAPTURE_AUTORELEASING = YES;
				CLANG_WARN_BOOL_CONVERSION = YES;
				CLANG_WARN_COMMA = YES;
				CLANG_WARN_CONSTANT_CONVERSION = YES;
				CLANG_WARN_DEPRECATED_OBJC_IMPLEMENTATIONS = YES;
				CLANG_WARN_DIRECT_OBJC_ISA_USAGE = YES_ERROR;
				CLANG_WARN_DOCUMENTATION_COMMENTS = YES;
				CLANG_WARN_EMPTY_BODY = YES;
				CLANG_WARN_ENUM_CONVERSION = YES;
				CLANG_WARN_INFINITE_RECURSION = YES;
				CLANG_WARN_INT_CONVERSION = YES;
				CLANG_WARN_NON_LITERAL_NULL_CONVERSION = YES;
				CLANG_WARN_OBJC_IMPLICIT_RETAIN_SELF = YES;
				CLANG_WARN_OBJC_LITERAL_CONVERSION = YES;
				CLANG_WARN_OBJC_ROOT_CLASS = YES_ERROR;
				CLANG_WARN_QUOTED_INCLUDE_IN_FRAMEWORK_HEADER = YES;
				CLANG_WARN_RANGE_LOOP_ANALYSIS = YES;
				CLANG_WARN_STRICT_PROTOTYPES = YES;
				CLANG_WARN_SUSPICIOUS_MOVE = YES;
				CLANG_WARN_UNGUARDED_AVAILABILITY = YES_AGGRESSIVE;
				CLANG_WARN_UNREACHABLE_CODE = YES;
				CLANG_WARN__DUPLICATE_METHOD_MATCH = YES;
				COPY_PHASE_STRIP = NO;
				DEBUG_INFORMATION_FORMAT = "dwarf-with-dsym";
				ENABLE_NS_ASSERTIONS = NO;
				ENABLE_STRICT_OBJC_MSGSEND = YES;
				GCC_C_LANGUAGE_STANDARD = gnu11;
				GCC_NO_COMMON_BLOCKS = YES;
				GCC_WARN_64_TO_32_BIT_CONVERSION = YES;
				GCC_WARN_ABOUT_RETURN_TYPE = YES_ERROR;
				GCC_WARN_UNDECLARED_SELECTOR = YES;
				GCC_WARN_UNINITIALIZED_AUTOS = YES_AGGRESSIVE;
				GCC_WARN_UNUSED_FUNCTION = YES;
				GCC_WARN_UNUSED_VARIABLE = YES;
				IPHONEOS_DEPLOYMENT_TARGET = 16.1;
				MTL_ENABLE_DEBUG_INFO = NO;
				MTL_FAST_MATH = YES;
				SDKROOT = iphoneos;
				SWIFT_COMPILATION_MODE = wholemodule;
				SWIFT_OPTIMIZATION_LEVEL = "-O";
				VALIDATE_PRODUCT = YES;
			};
			name = Release;
		};
		A878450429D3663B009C58FE /* Debug */ = {
			isa = XCBuildConfiguration;
			buildSettings = {
				ASSETCATALOG_COMPILER_APPICON_NAME = AppIcon;
				ASSETCATALOG_COMPILER_GLOBAL_ACCENT_COLOR_NAME = AccentColor;
				CODE_SIGN_STYLE = Automatic;
				CURRENT_PROJECT_VERSION = 1;
				DEVELOPMENT_TEAM = 57P42A66UA;
				GENERATE_INFOPLIST_FILE = YES;
				INFOPLIST_FILE = "Lesson 23-24 - Constraits (traffic light)/Info.plist";
				INFOPLIST_KEY_UIApplicationSupportsIndirectInputEvents = YES;
				INFOPLIST_KEY_UILaunchStoryboardName = LaunchScreen;
				INFOPLIST_KEY_UIMainStoryboardFile = Main;
				INFOPLIST_KEY_UISupportedInterfaceOrientations_iPad = "UIInterfaceOrientationPortrait UIInterfaceOrientationPortraitUpsideDown UIInterfaceOrientationLandscapeLeft UIInterfaceOrientationLandscapeRight";
				INFOPLIST_KEY_UISupportedInterfaceOrientations_iPhone = "UIInterfaceOrientationPortrait UIInterfaceOrientationLandscapeLeft UIInterfaceOrientationLandscapeRight";
				LD_RUNPATH_SEARCH_PATHS = (
					"$(inherited)",
					"@executable_path/Frameworks",
				);
				MARKETING_VERSION = 1.0;
				PRODUCT_BUNDLE_IDENTIFIER = "-.Lesson-23-24---Constraits--traffic-light-";
				PRODUCT_NAME = "$(TARGET_NAME)";
				SWIFT_EMIT_LOC_STRINGS = YES;
				SWIFT_VERSION = 5.0;
				TARGETED_DEVICE_FAMILY = "1,2";
			};
			name = Debug;
		};
		A878450529D3663B009C58FE /* Release */ = {
			isa = XCBuildConfiguration;
			buildSettings = {
				ASSETCATALOG_COMPILER_APPICON_NAME = AppIcon;
				ASSETCATALOG_COMPILER_GLOBAL_ACCENT_COLOR_NAME = AccentColor;
				CODE_SIGN_STYLE = Automatic;
				CURRENT_PROJECT_VERSION = 1;
				DEVELOPMENT_TEAM = 57P42A66UA;
				GENERATE_INFOPLIST_FILE = YES;
				INFOPLIST_FILE = "Lesson 23-24 - Constraits (traffic light)/Info.plist";
				INFOPLIST_KEY_UIApplicationSupportsIndirectInputEvents = YES;
				INFOPLIST_KEY_UILaunchStoryboardName = LaunchScreen;
				INFOPLIST_KEY_UIMainStoryboardFile = Main;
				INFOPLIST_KEY_UISupportedInterfaceOrientations_iPad = "UIInterfaceOrientationPortrait UIInterfaceOrientationPortraitUpsideDown UIInterfaceOrientationLandscapeLeft UIInterfaceOrientationLandscapeRight";
				INFOPLIST_KEY_UISupportedInterfaceOrientations_iPhone = "UIInterfaceOrientationPortrait UIInterfaceOrientationLandscapeLeft UIInterfaceOrientationLandscapeRight";
				LD_RUNPATH_SEARCH_PATHS = (
					"$(inherited)",
					"@executable_path/Frameworks",
				);
				MARKETING_VERSION = 1.0;
				PRODUCT_BUNDLE_IDENTIFIER = "-.Lesson-23-24---Constraits--traffic-light-";
				PRODUCT_NAME = "$(TARGET_NAME)";
				SWIFT_EMIT_LOC_STRINGS = YES;
				SWIFT_VERSION = 5.0;
				TARGETED_DEVICE_FAMILY = "1,2";
			};
			name = Release;
		};
		A878450729D3663B009C58FE /* Debug */ = {
			isa = XCBuildConfiguration;
			buildSettings = {
				ALWAYS_EMBED_SWIFT_STANDARD_LIBRARIES = YES;
				BUNDLE_LOADER = "$(TEST_HOST)";
				CODE_SIGN_STYLE = Automatic;
				CURRENT_PROJECT_VERSION = 1;
				DEVELOPMENT_TEAM = 57P42A66UA;
				GENERATE_INFOPLIST_FILE = YES;
				IPHONEOS_DEPLOYMENT_TARGET = 16.1;
				MARKETING_VERSION = 1.0;
				PRODUCT_BUNDLE_IDENTIFIER = "-.Lesson-23-24---Constraits--traffic-light-Tests";
				PRODUCT_NAME = "$(TARGET_NAME)";
				SWIFT_EMIT_LOC_STRINGS = NO;
				SWIFT_VERSION = 5.0;
				TARGETED_DEVICE_FAMILY = "1,2";
				TEST_HOST = "$(BUILT_PRODUCTS_DIR)/Lesson 23-24 - Constraits (traffic light).app/$(BUNDLE_EXECUTABLE_FOLDER_PATH)/Lesson 23-24 - Constraits (traffic light)";
			};
			name = Debug;
		};
		A878450829D3663B009C58FE /* Release */ = {
			isa = XCBuildConfiguration;
			buildSettings = {
				ALWAYS_EMBED_SWIFT_STANDARD_LIBRARIES = YES;
				BUNDLE_LOADER = "$(TEST_HOST)";
				CODE_SIGN_STYLE = Automatic;
				CURRENT_PROJECT_VERSION = 1;
				DEVELOPMENT_TEAM = 57P42A66UA;
				GENERATE_INFOPLIST_FILE = YES;
				IPHONEOS_DEPLOYMENT_TARGET = 16.1;
				MARKETING_VERSION = 1.0;
				PRODUCT_BUNDLE_IDENTIFIER = "-.Lesson-23-24---Constraits--traffic-light-Tests";
				PRODUCT_NAME = "$(TARGET_NAME)";
				SWIFT_EMIT_LOC_STRINGS = NO;
				SWIFT_VERSION = 5.0;
				TARGETED_DEVICE_FAMILY = "1,2";
				TEST_HOST = "$(BUILT_PRODUCTS_DIR)/Lesson 23-24 - Constraits (traffic light).app/$(BUNDLE_EXECUTABLE_FOLDER_PATH)/Lesson 23-24 - Constraits (traffic light)";
			};
			name = Release;
		};
		A878450A29D3663B009C58FE /* Debug */ = {
			isa = XCBuildConfiguration;
			buildSettings = {
				ALWAYS_EMBED_SWIFT_STANDARD_LIBRARIES = YES;
				CODE_SIGN_STYLE = Automatic;
				CURRENT_PROJECT_VERSION = 1;
				DEVELOPMENT_TEAM = 57P42A66UA;
				GENERATE_INFOPLIST_FILE = YES;
				MARKETING_VERSION = 1.0;
				PRODUCT_BUNDLE_IDENTIFIER = "-.Lesson-23-24---Constraits--traffic-light-UITests";
				PRODUCT_NAME = "$(TARGET_NAME)";
				SWIFT_EMIT_LOC_STRINGS = NO;
				SWIFT_VERSION = 5.0;
				TARGETED_DEVICE_FAMILY = "1,2";
				TEST_TARGET_NAME = "Lesson 23-24 - Constraits (traffic light)";
			};
			name = Debug;
		};
		A878450B29D3663B009C58FE /* Release */ = {
			isa = XCBuildConfiguration;
			buildSettings = {
				ALWAYS_EMBED_SWIFT_STANDARD_LIBRARIES = YES;
				CODE_SIGN_STYLE = Automatic;
				CURRENT_PROJECT_VERSION = 1;
				DEVELOPMENT_TEAM = 57P42A66UA;
				GENERATE_INFOPLIST_FILE = YES;
				MARKETING_VERSION = 1.0;
				PRODUCT_BUNDLE_IDENTIFIER = "-.Lesson-23-24---Constraits--traffic-light-UITests";
				PRODUCT_NAME = "$(TARGET_NAME)";
				SWIFT_EMIT_LOC_STRINGS = NO;
				SWIFT_VERSION = 5.0;
				TARGETED_DEVICE_FAMILY = "1,2";
				TEST_TARGET_NAME = "Lesson 23-24 - Constraits (traffic light)";
			};
			name = Release;
		};
/* End XCBuildConfiguration section */

/* Begin XCConfigurationList section */
		A87844D429D36637009C58FE /* Build configuration list for PBXProject "Lesson 23-24 - Constraits (traffic light)" */ = {
			isa = XCConfigurationList;
			buildConfigurations = (
				A878450129D3663B009C58FE /* Debug */,
				A878450229D3663B009C58FE /* Release */,
			);
			defaultConfigurationIsVisible = 0;
			defaultConfigurationName = Release;
		};
		A878450329D3663B009C58FE /* Build configuration list for PBXNativeTarget "Lesson 23-24 - Constraits (traffic light)" */ = {
			isa = XCConfigurationList;
			buildConfigurations = (
				A878450429D3663B009C58FE /* Debug */,
				A878450529D3663B009C58FE /* Release */,
			);
			defaultConfigurationIsVisible = 0;
			defaultConfigurationName = Release;
		};
		A878450629D3663B009C58FE /* Build configuration list for PBXNativeTarget "Lesson 23-24 - Constraits (traffic light)Tests" */ = {
			isa = XCConfigurationList;
			buildConfigurations = (
				A878450729D3663B009C58FE /* Debug */,
				A878450829D3663B009C58FE /* Release */,
			);
			defaultConfigurationIsVisible = 0;
			defaultConfigurationName = Release;
		};
		A878450929D3663B009C58FE /* Build configuration list for PBXNativeTarget "Lesson 23-24 - Constraits (traffic light)UITests" */ = {
			isa = XCConfigurationList;
			buildConfigurations = (
				A878450A29D3663B009C58FE /* Debug */,
				A878450B29D3663B009C58FE /* Release */,
			);
			defaultConfigurationIsVisible = 0;
			defaultConfigurationName = Release;
		};
/* End XCConfigurationList section */
	};
	rootObject = A87844D129D36637009C58FE /* Project object */;
}
